{
  "name": "nodejsKu",
  "version": "1.0.0",
  "lockfileVersion": 1,
  "requires": true,
  "dependencies": {
    "mute-stream": {
      "version": "0.0.8",
      "resolved": "https://registry.npm.taobao.org/mute-stream/download/mute-stream-0.0.8.tgz",
      "integrity": "sha1-FjDEKyJR/4HiooPelqVJfqkuXg0="
    },
    "promptly": {
      "version": "3.2.0",
      "resolved": "https://registry.npm.taobao.org/promptly/download/promptly-3.2.0.tgz",
      "integrity": "sha1-pVF/u/Wb0xwXUdTh2b7xcU9Cudg=",
      "requires": {
        "read": "^1.0.4"
      }
    },
    "read": {
      "version": "1.0.7",
      "resolved": "https://registry.npm.taobao.org/read/download/read-1.0.7.tgz",
      "integrity": "sha1-s9oZvQUkMal2cdRKQmNK33ELQMQ=",
      "requires": {
        "mute-stream": "~0.0.4"
      }
    }
  }
}
